
Microsoft Visual Studio Solution File, Format Version 12.00
# Visual Studio Version 17
VisualStudioVersion = 17.0.31611.283
MinimumVisualStudioVersion = 10.0.40219.1
Project("{9A19103F-16F7-4668-BE54-9A1E7A4F7556}") = "HomeStorage.API", "..\HomeStorage.API\HomeStorage.API.csproj", "{07BE4E0A-A763-4A26-BD12-D30B5383A94B}"
EndProject
Project("{9A19103F-16F7-4668-BE54-9A1E7A4F7556}") = "HomeStorage.Logic", "..\HomeStorage.Logic\HomeStorage.Logic.csproj", "{48070C22-3E02-4943-B13B-199F54260E2C}"
EndProject
Project("{9A19103F-16F7-4668-BE54-9A1E7A4F7556}") = "HomeStorage.DataAccess", "..\HomeStorage.DataAccess\HomeStorage.DataAccess.csproj", "{E4CFC77D-045D-462B-921D-462E34046BE7}"
EndProject
Project("{2150E333-8FDC-42A3-9474-1A3956D46DE8}") = "Solution Items", "Solution Items", "{5ED3D421-67E9-4B2B-AE00-726337E016EB}"
	ProjectSection(SolutionItems) = preProject
		.editorconfig = .editorconfig
	EndProjectSection
EndProject
Global
	GlobalSection(SolutionConfigurationPlatforms) = preSolution
		Debug|Any CPU = Debug|Any CPU
		Release|Any CPU = Release|Any CPU
	EndGlobalSection
	GlobalSection(ProjectConfigurationPlatforms) = postSolution
		{07BE4E0A-A763-4A26-BD12-D30B5383A94B}.Debug|Any CPU.ActiveCfg = Debug|Any CPU
		{07BE4E0A-A763-4A26-BD12-D30B5383A94B}.Debug|Any CPU.Build.0 = Debug|Any CPU
		{07BE4E0A-A763-4A26-BD12-D30B5383A94B}.Release|Any CPU.ActiveCfg = Release|Any CPU
		{07BE4E0A-A763-4A26-BD12-D30B5383A94B}.Release|Any CPU.Build.0 = Release|Any CPU
		{48070C22-3E02-4943-B13B-199F54260E2C}.Debug|Any CPU.ActiveCfg = Debug|Any CPU
		{48070C22-3E02-4943-B13B-199F54260E2C}.Debug|Any CPU.Build.0 = Debug|Any CPU
		{48070C22-3E02-4943-B13B-199F54260E2C}.Release|Any CPU.ActiveCfg = Release|Any CPU
		{48070C22-3E02-4943-B13B-199F54260E2C}.Release|Any CPU.Build.0 = Release|Any CPU
		{E4CFC77D-045D-462B-921D-462E34046BE7}.Debug|Any CPU.ActiveCfg = Debug|Any CPU
		{E4CFC77D-045D-462B-921D-462E34046BE7}.Debug|Any CPU.Build.0 = Debug|Any CPU
		{E4CFC77D-045D-462B-921D-462E34046BE7}.Release|Any CPU.ActiveCfg = Release|Any CPU
		{E4CFC77D-045D-462B-921D-462E34046BE7}.Release|Any CPU.Build.0 = Release|Any CPU
	EndGlobalSection
	GlobalSection(SolutionProperties) = preSolution
		HideSolutionNode = FALSE
	EndGlobalSection
	GlobalSection(ExtensibilityGlobals) = postSolution
		SolutionGuid = {61F7FB11-1E47-470C-91E2-47F8143E1572}
	EndGlobalSection
EndGlobal
